
Microsoft Visual Studio Solution File, Format Version 12.00
# Visual Studio 14
VisualStudioVersion = 14.0.23107.0
MinimumVisualStudioVersion = 10.0.40219.1
Project("{FAE04EC0-301F-11D3-BF4B-00C04F79EFBC}") = "PartyInvitesVS2015", "PartyInvitesVS2015\PartyInvitesVS2015.csproj", "{819C5632-B161-4809-A157-F0176F70ADE5}"
EndProject
Project("{FAE04EC0-301F-11D3-BF4B-00C04F79EFBC}") = "PartyInvitesVS2015.Tests", "PartyInvitesVS2015.Tests\PartyInvitesVS2015.Tests.csproj", "{35289A91-9006-4147-AA9B-FD349F745AD0}"
EndProject
Global
	GlobalSection(SolutionConfigurationPlatforms) = preSolution
		Debug|Any CPU = Debug|Any CPU
		Release|Any CPU = Release|Any CPU
	EndGlobalSection
	GlobalSection(ProjectConfigurationPlatforms) = postSolution
		{819C5632-B161-4809-A157-F0176F70ADE5}.Debug|Any CPU.ActiveCfg = Debug|Any CPU
		{819C5632-B161-4809-A157-F0176F70ADE5}.Debug|Any CPU.Build.0 = Debug|Any CPU
		{819C5632-B161-4809-A157-F0176F70ADE5}.Release|Any CPU.ActiveCfg = Release|Any CPU
		{819C5632-B161-4809-A157-F0176F70ADE5}.Release|Any CPU.Build.0 = Release|Any CPU
		{35289A91-9006-4147-AA9B-FD349F745AD0}.Debug|Any CPU.ActiveCfg = Debug|Any CPU
		{35289A91-9006-4147-AA9B-FD349F745AD0}.Debug|Any CPU.Build.0 = Debug|Any CPU
		{35289A91-9006-4147-AA9B-FD349F745AD0}.Release|Any CPU.ActiveCfg = Release|Any CPU
		{35289A91-9006-4147-AA9B-FD349F745AD0}.Release|Any CPU.Build.0 = Release|Any CPU
	EndGlobalSection
	GlobalSection(SolutionProperties) = preSolution
		HideSolutionNode = FALSE
	EndGlobalSection
EndGlobal
